
Microsoft Visual Studio Solution File, Format Version 12.00
# Visual Studio Version 16
VisualStudioVersion = 16.0.32002.261
MinimumVisualStudioVersion = 10.0.40219.1
Project("{FAE04EC0-301F-11D3-BF4B-00C04F79EFBC}") = "CompaniesPortalAPI", "CompaniesPortalAPI.csproj", "{9C0E4544-F4D1-473A-AF28-025ADC28F881}"
EndProject
Global
	GlobalSection(SolutionConfigurationPlatforms) = preSolution
		Debug|Any CPU = Debug|Any CPU
		Release|Any CPU = Release|Any CPU
	EndGlobalSection
	GlobalSection(ProjectConfigurationPlatforms) = postSolution
		{9C0E4544-F4D1-473A-AF28-025ADC28F881}.Debug|Any CPU.ActiveCfg = Debug|Any CPU
		{9C0E4544-F4D1-473A-AF28-025ADC28F881}.Debug|Any CPU.Build.0 = Debug|Any CPU
		{9C0E4544-F4D1-473A-AF28-025ADC28F881}.Release|Any CPU.ActiveCfg = Release|Any CPU
		{9C0E4544-F4D1-473A-AF28-025ADC28F881}.Release|Any CPU.Build.0 = Release|Any CPU
	EndGlobalSection
	GlobalSection(SolutionProperties) = preSolution
		HideSolutionNode = FALSE
	EndGlobalSection
	GlobalSection(ExtensibilityGlobals) = postSolution
		SolutionGuid = {7108DFC8-6B3C-4D2B-9D6B-AD3EE6BF9306}
	EndGlobalSection
EndGlobal
